
Microsoft Visual Studio Solution File, Format Version 12.00
# Visual Studio Version 16
VisualStudioVersion = 16.0.29123.88
MinimumVisualStudioVersion = 10.0.40219.1
Project("{FAE04EC0-301F-11D3-BF4B-00C04F79EFBC}") = "WpfApp", "WpfApp\WpfApp.csproj", "{9E70FF73-AD25-4EC8-9BE9-5C7F2DD65B52}"
EndProject
Project("{FAE04EC0-301F-11D3-BF4B-00C04F79EFBC}") = "DailyNotesConsole", "DailyNotesConsole\DailyNotesConsole.csproj", "{21DAA992-C622-4AF2-B2D2-475D2E2AB4F7}"
EndProject
Project("{FAE04EC0-301F-11D3-BF4B-00C04F79EFBC}") = "DailyNotesClasses", "DailyNotesClasses\DailyNotesClasses.csproj", "{8B482DDD-0FC6-4B85-9738-978B3AA13536}"
EndProject
Global
	GlobalSection(SolutionConfigurationPlatforms) = preSolution
		Debug|Any CPU = Debug|Any CPU
		Release|Any CPU = Release|Any CPU
	EndGlobalSection
	GlobalSection(ProjectConfigurationPlatforms) = postSolution
		{9E70FF73-AD25-4EC8-9BE9-5C7F2DD65B52}.Debug|Any CPU.ActiveCfg = Debug|Any CPU
		{9E70FF73-AD25-4EC8-9BE9-5C7F2DD65B52}.Debug|Any CPU.Build.0 = Debug|Any CPU
		{9E70FF73-AD25-4EC8-9BE9-5C7F2DD65B52}.Release|Any CPU.ActiveCfg = Release|Any CPU
		{9E70FF73-AD25-4EC8-9BE9-5C7F2DD65B52}.Release|Any CPU.Build.0 = Release|Any CPU
		{21DAA992-C622-4AF2-B2D2-475D2E2AB4F7}.Debug|Any CPU.ActiveCfg = Debug|Any CPU
		{21DAA992-C622-4AF2-B2D2-475D2E2AB4F7}.Debug|Any CPU.Build.0 = Debug|Any CPU
		{21DAA992-C622-4AF2-B2D2-475D2E2AB4F7}.Release|Any CPU.ActiveCfg = Release|Any CPU
		{21DAA992-C622-4AF2-B2D2-475D2E2AB4F7}.Release|Any CPU.Build.0 = Release|Any CPU
		{8B482DDD-0FC6-4B85-9738-978B3AA13536}.Debug|Any CPU.ActiveCfg = Debug|Any CPU
		{8B482DDD-0FC6-4B85-9738-978B3AA13536}.Debug|Any CPU.Build.0 = Debug|Any CPU
		{8B482DDD-0FC6-4B85-9738-978B3AA13536}.Release|Any CPU.ActiveCfg = Release|Any CPU
		{8B482DDD-0FC6-4B85-9738-978B3AA13536}.Release|Any CPU.Build.0 = Release|Any CPU
	EndGlobalSection
	GlobalSection(SolutionProperties) = preSolution
		HideSolutionNode = FALSE
	EndGlobalSection
	GlobalSection(ExtensibilityGlobals) = postSolution
		SolutionGuid = {FE9F0110-19FB-4625-A8CB-534FCD9CF487}
	EndGlobalSection
EndGlobal
